
Microsoft Visual Studio Solution File, Format Version 12.00
Project("{FAE04EC0-301F-11D3-BF4B-00C04F79EFBC}") = "Neo4j.v4.Console", "src\Neo4j.v4.Console\Neo4j.v4.Console.csproj", "{DD5CBB1E-EA47-4D3E-94A3-0FC577291926}"
EndProject
Global
	GlobalSection(SolutionConfigurationPlatforms) = preSolution
		Debug|Any CPU = Debug|Any CPU
		Release|Any CPU = Release|Any CPU
	EndGlobalSection
	GlobalSection(ProjectConfigurationPlatforms) = postSolution
		{DD5CBB1E-EA47-4D3E-94A3-0FC577291926}.Debug|Any CPU.ActiveCfg = Debug|Any CPU
		{DD5CBB1E-EA47-4D3E-94A3-0FC577291926}.Debug|Any CPU.Build.0 = Debug|Any CPU
		{DD5CBB1E-EA47-4D3E-94A3-0FC577291926}.Release|Any CPU.ActiveCfg = Release|Any CPU
		{DD5CBB1E-EA47-4D3E-94A3-0FC577291926}.Release|Any CPU.Build.0 = Release|Any CPU
	EndGlobalSection
EndGlobal
